
Microsoft Visual Studio Solution File, Format Version 12.00
# Visual Studio Version 16
VisualStudioVersion = 16.0.30711.63
MinimumVisualStudioVersion = 10.0.40219.1
Project("{FAE04EC0-301F-11D3-BF4B-00C04F79EFBC}") = "TaxiStationConsoleApp", "TaxiStationConsoleApp.csproj", "{6B69EC9E-27A8-43B2-9AE5-8E2786F514F7}"
EndProject
Global
	GlobalSection(SolutionConfigurationPlatforms) = preSolution
		Debug|Any CPU = Debug|Any CPU
		Release|Any CPU = Release|Any CPU
	EndGlobalSection
	GlobalSection(ProjectConfigurationPlatforms) = postSolution
		{6B69EC9E-27A8-43B2-9AE5-8E2786F514F7}.Debug|Any CPU.ActiveCfg = Debug|Any CPU
		{6B69EC9E-27A8-43B2-9AE5-8E2786F514F7}.Debug|Any CPU.Build.0 = Debug|Any CPU
		{6B69EC9E-27A8-43B2-9AE5-8E2786F514F7}.Release|Any CPU.ActiveCfg = Release|Any CPU
		{6B69EC9E-27A8-43B2-9AE5-8E2786F514F7}.Release|Any CPU.Build.0 = Release|Any CPU
	EndGlobalSection
	GlobalSection(SolutionProperties) = preSolution
		HideSolutionNode = FALSE
	EndGlobalSection
	GlobalSection(ExtensibilityGlobals) = postSolution
		SolutionGuid = {0FD55B0A-54C3-4EB9-A9D3-BFD408D5A0BD}
	EndGlobalSection
EndGlobal
